
Microsoft Visual Studio Solution File, Format Version 12.00
# Visual Studio Version 17
VisualStudioVersion = 17.11.35327.3
MinimumVisualStudioVersion = 10.0.40219.1
Project("{2150E333-8FDC-42A3-9474-1A3956D46DE8}") = "src", "src", "{F3D4EFBE-977F-47BA-BE5A-56BAC282D317}"
EndProject
Project("{9A19103F-16F7-4668-BE54-9A1E7A4F7556}") = "ELibrary.Shared.Book", "src\ELibrary.Shared.Book\ELibrary.Shared.Book.csproj", "{8176EE9C-C3BA-41A1-9867-B83F389F9CA5}"
EndProject
Global
	GlobalSection(SolutionConfigurationPlatforms) = preSolution
		Debug|Any CPU = Debug|Any CPU
		Debug|x64 = Debug|x64
		Debug|x86 = Debug|x86
		Release|Any CPU = Release|Any CPU
		Release|x64 = Release|x64
		Release|x86 = Release|x86
	EndGlobalSection
	GlobalSection(ProjectConfigurationPlatforms) = postSolution
		{8176EE9C-C3BA-41A1-9867-B83F389F9CA5}.Debug|Any CPU.ActiveCfg = Debug|Any CPU
		{8176EE9C-C3BA-41A1-9867-B83F389F9CA5}.Debug|Any CPU.Build.0 = Debug|Any CPU
		{8176EE9C-C3BA-41A1-9867-B83F389F9CA5}.Debug|x64.ActiveCfg = Debug|Any CPU
		{8176EE9C-C3BA-41A1-9867-B83F389F9CA5}.Debug|x64.Build.0 = Debug|Any CPU
		{8176EE9C-C3BA-41A1-9867-B83F389F9CA5}.Debug|x86.ActiveCfg = Debug|Any CPU
		{8176EE9C-C3BA-41A1-9867-B83F389F9CA5}.Debug|x86.Build.0 = Debug|Any CPU
		{8176EE9C-C3BA-41A1-9867-B83F389F9CA5}.Release|Any CPU.ActiveCfg = Release|Any CPU
		{8176EE9C-C3BA-41A1-9867-B83F389F9CA5}.Release|Any CPU.Build.0 = Release|Any CPU
		{8176EE9C-C3BA-41A1-9867-B83F389F9CA5}.Release|x64.ActiveCfg = Release|Any CPU
		{8176EE9C-C3BA-41A1-9867-B83F389F9CA5}.Release|x64.Build.0 = Release|Any CPU
		{8176EE9C-C3BA-41A1-9867-B83F389F9CA5}.Release|x86.ActiveCfg = Release|Any CPU
		{8176EE9C-C3BA-41A1-9867-B83F389F9CA5}.Release|x86.Build.0 = Release|Any CPU
	EndGlobalSection
	GlobalSection(SolutionProperties) = preSolution
		HideSolutionNode = FALSE
	EndGlobalSection
	GlobalSection(NestedProjects) = preSolution
		{8176EE9C-C3BA-41A1-9867-B83F389F9CA5} = {F3D4EFBE-977F-47BA-BE5A-56BAC282D317}
	EndGlobalSection
	GlobalSection(ExtensibilityGlobals) = postSolution
		SolutionGuid = {F5FDD70F-EB6F-4625-ADAD-FAA4CFCF0D4E}
	EndGlobalSection
EndGlobal
