
Microsoft Visual Studio Solution File, Format Version 12.00
# Visual Studio Version 17
VisualStudioVersion = 17.9.34902.65
MinimumVisualStudioVersion = 10.0.40219.1
Project("{2150E333-8FDC-42A3-9474-1A3956D46DE8}") = "src", "src", "{965798D8-0DF2-4C0D-ACCE-57BA4730F44C}"
	ProjectSection(SolutionItems) = preProject
		Dockerfile = Dockerfile
	EndProjectSection
EndProject
Project("{9A19103F-16F7-4668-BE54-9A1E7A4F7556}") = "ELibrary.Books.Domain", "Elibrary.Books.Domain\ELibrary.Books.Domain.csproj", "{688B3411-1835-4D37-A141-7A0A67C9858C}"
EndProject
Project("{9A19103F-16F7-4668-BE54-9A1E7A4F7556}") = "ELibrary.Books.Application", "ELibrary.Books.Application\ELibrary.Books.Application.csproj", "{CC2F7AC0-380C-4319-B016-86028EA2A39E}"
EndProject
Project("{9A19103F-16F7-4668-BE54-9A1E7A4F7556}") = "ELibrary.Books.Infrastructure", "ELibrary.Books.Infrastructure\ELibrary.Books.Infrastructure.csproj", "{A972E64B-326E-4B77-8CDC-38E6C9195F33}"
EndProject
Project("{9A19103F-16F7-4668-BE54-9A1E7A4F7556}") = "ELibrary.Books.PublicAPI", "ELibrary.Books.PublicAPI\ELibrary.Books.PublicAPI.csproj", "{17FAE287-5045-416D-ABDA-7995C89F3901}"
EndProject
Project("{9A19103F-16F7-4668-BE54-9A1E7A4F7556}") = "ELibrary.Books.Contracts", "ELibrary.Books.Contracts\ELibrary.Books.Contracts.csproj", "{3836D4BB-08AA-43DF-94E8-A71CB053409F}"
EndProject
Project("{FAE04EC0-301F-11D3-BF4B-00C04F79EFBC}") = "ELibrary.Contracts", "..\ELibrary.Shared\src\ELibrary.Contracts\ELibrary.Contracts.csproj", "{5C8C5F97-6F5A-449E-897A-1887978BF216}"
EndProject
Global
	GlobalSection(SolutionConfigurationPlatforms) = preSolution
		Debug|Any CPU = Debug|Any CPU
		Release|Any CPU = Release|Any CPU
	EndGlobalSection
	GlobalSection(ProjectConfigurationPlatforms) = postSolution
		{688B3411-1835-4D37-A141-7A0A67C9858C}.Debug|Any CPU.ActiveCfg = Debug|Any CPU
		{688B3411-1835-4D37-A141-7A0A67C9858C}.Debug|Any CPU.Build.0 = Debug|Any CPU
		{688B3411-1835-4D37-A141-7A0A67C9858C}.Release|Any CPU.ActiveCfg = Release|Any CPU
		{688B3411-1835-4D37-A141-7A0A67C9858C}.Release|Any CPU.Build.0 = Release|Any CPU
		{CC2F7AC0-380C-4319-B016-86028EA2A39E}.Debug|Any CPU.ActiveCfg = Debug|Any CPU
		{CC2F7AC0-380C-4319-B016-86028EA2A39E}.Debug|Any CPU.Build.0 = Debug|Any CPU
		{CC2F7AC0-380C-4319-B016-86028EA2A39E}.Release|Any CPU.ActiveCfg = Release|Any CPU
		{CC2F7AC0-380C-4319-B016-86028EA2A39E}.Release|Any CPU.Build.0 = Release|Any CPU
		{A972E64B-326E-4B77-8CDC-38E6C9195F33}.Debug|Any CPU.ActiveCfg = Debug|Any CPU
		{A972E64B-326E-4B77-8CDC-38E6C9195F33}.Debug|Any CPU.Build.0 = Debug|Any CPU
		{A972E64B-326E-4B77-8CDC-38E6C9195F33}.Release|Any CPU.ActiveCfg = Release|Any CPU
		{A972E64B-326E-4B77-8CDC-38E6C9195F33}.Release|Any CPU.Build.0 = Release|Any CPU
		{17FAE287-5045-416D-ABDA-7995C89F3901}.Debug|Any CPU.ActiveCfg = Debug|Any CPU
		{17FAE287-5045-416D-ABDA-7995C89F3901}.Debug|Any CPU.Build.0 = Debug|Any CPU
		{17FAE287-5045-416D-ABDA-7995C89F3901}.Release|Any CPU.ActiveCfg = Release|Any CPU
		{17FAE287-5045-416D-ABDA-7995C89F3901}.Release|Any CPU.Build.0 = Release|Any CPU
		{3836D4BB-08AA-43DF-94E8-A71CB053409F}.Debug|Any CPU.ActiveCfg = Debug|Any CPU
		{3836D4BB-08AA-43DF-94E8-A71CB053409F}.Debug|Any CPU.Build.0 = Debug|Any CPU
		{3836D4BB-08AA-43DF-94E8-A71CB053409F}.Release|Any CPU.ActiveCfg = Release|Any CPU
		{3836D4BB-08AA-43DF-94E8-A71CB053409F}.Release|Any CPU.Build.0 = Release|Any CPU
		{5C8C5F97-6F5A-449E-897A-1887978BF216}.Debug|Any CPU.ActiveCfg = Debug|Any CPU
		{5C8C5F97-6F5A-449E-897A-1887978BF216}.Debug|Any CPU.Build.0 = Debug|Any CPU
		{5C8C5F97-6F5A-449E-897A-1887978BF216}.Release|Any CPU.ActiveCfg = Release|Any CPU
		{5C8C5F97-6F5A-449E-897A-1887978BF216}.Release|Any CPU.Build.0 = Release|Any CPU
	EndGlobalSection
	GlobalSection(SolutionProperties) = preSolution
		HideSolutionNode = FALSE
	EndGlobalSection
	GlobalSection(NestedProjects) = preSolution
		{688B3411-1835-4D37-A141-7A0A67C9858C} = {965798D8-0DF2-4C0D-ACCE-57BA4730F44C}
		{CC2F7AC0-380C-4319-B016-86028EA2A39E} = {965798D8-0DF2-4C0D-ACCE-57BA4730F44C}
		{A972E64B-326E-4B77-8CDC-38E6C9195F33} = {965798D8-0DF2-4C0D-ACCE-57BA4730F44C}
		{17FAE287-5045-416D-ABDA-7995C89F3901} = {965798D8-0DF2-4C0D-ACCE-57BA4730F44C}
		{3836D4BB-08AA-43DF-94E8-A71CB053409F} = {965798D8-0DF2-4C0D-ACCE-57BA4730F44C}
	EndGlobalSection
	GlobalSection(ExtensibilityGlobals) = postSolution
		SolutionGuid = {4AB69CB0-165F-4617-814F-BD3F9B222452}
	EndGlobalSection
EndGlobal
