
Microsoft Visual Studio Solution File, Format Version 12.00
# Visual Studio Version 17
VisualStudioVersion = 17.9.34616.47
MinimumVisualStudioVersion = 10.0.40219.1
Project("{FAE04EC0-301F-11D3-BF4B-00C04F79EFBC}") = "ELibrary.BookCatalog", "ELibrary.BookCatalog.csproj", "{503CE9B8-358E-4EE0-A0D0-87C7E0D3E2AC}"
EndProject
Global
	GlobalSection(SolutionConfigurationPlatforms) = preSolution
		Debug|Any CPU = Debug|Any CPU
		Release|Any CPU = Release|Any CPU
	EndGlobalSection
	GlobalSection(ProjectConfigurationPlatforms) = postSolution
		{503CE9B8-358E-4EE0-A0D0-87C7E0D3E2AC}.Debug|Any CPU.ActiveCfg = Debug|Any CPU
		{503CE9B8-358E-4EE0-A0D0-87C7E0D3E2AC}.Debug|Any CPU.Build.0 = Debug|Any CPU
		{503CE9B8-358E-4EE0-A0D0-87C7E0D3E2AC}.Release|Any CPU.ActiveCfg = Release|Any CPU
		{503CE9B8-358E-4EE0-A0D0-87C7E0D3E2AC}.Release|Any CPU.Build.0 = Release|Any CPU
	EndGlobalSection
	GlobalSection(SolutionProperties) = preSolution
		HideSolutionNode = FALSE
	EndGlobalSection
	GlobalSection(ExtensibilityGlobals) = postSolution
		SolutionGuid = {757B8DA0-4134-4352-8AD4-7F76A18EEE94}
	EndGlobalSection
EndGlobal
